// !$*UTF8*$!
{
	archiveVersion = 1;
	classes = {
	};
	objectVersion = 55;
	objects = {

/* Begin PBXBuildFile section */
		AF3B9E4D28D372E700006195 /* Algorithms in Frameworks */ = {isa = PBXBuildFile; productRef = AF3B9E4C28D372E700006195 /* Algorithms */; };
		AF3B9E4F28D456E700006195 /* CustomLoadingIndicator.swift in Sources */ = {isa = PBXBuildFile; fileRef = AF3B9E4E28D456E700006195 /* CustomLoadingIndicator.swift */; };
		AF3B9E5128D45B8400006195 /* LayzNavigationView.swift in Sources */ = {isa = PBXBuildFile; fileRef = AF3B9E5028D45B8400006195 /* LayzNavigationView.swift */; };
		AF3B9E5828D5C94300006195 /* LaunchScreenView.swift in Sources */ = {isa = PBXBuildFile; fileRef = AF3B9E5728D5C94300006195 /* LaunchScreenView.swift */; };
		AF3B9E5B28D5CCD700006195 /* LaunchScreenViewModel.swift in Sources */ = {isa = PBXBuildFile; fileRef = AF3B9E5A28D5CCD700006195 /* LaunchScreenViewModel.swift */; };
		AF52C51628D1F6E200FC7A1A /* CryptoTrackSwiftUIApp.swift in Sources */ = {isa = PBXBuildFile; fileRef = AF52C51528D1F6E200FC7A1A /* CryptoTrackSwiftUIApp.swift */; };
		AF52C51A28D1F6E500FC7A1A /* Assets.xcassets in Resources */ = {isa = PBXBuildFile; fileRef = AF52C51928D1F6E500FC7A1A /* Assets.xcassets */; };
		AF52C51D28D1F6E500FC7A1A /* Preview Assets.xcassets in Resources */ = {isa = PBXBuildFile; fileRef = AF52C51C28D1F6E500FC7A1A /* Preview Assets.xcassets */; };
		AF52C53A28D2303500FC7A1A /* CryptoCurrency.swift in Sources */ = {isa = PBXBuildFile; fileRef = AF52C53928D2303500FC7A1A /* CryptoCurrency.swift */; };
		AF52C53F28D23AA100FC7A1A /* Double.swift in Sources */ = {isa = PBXBuildFile; fileRef = AF52C53E28D23AA100FC7A1A /* Double.swift */; };
		AF52C54728D2FF1F00FC7A1A /* CoinDetailView.swift in Sources */ = {isa = PBXBuildFile; fileRef = AF52C54628D2FF1F00FC7A1A /* CoinDetailView.swift */; };
		AF52C54928D3041D00FC7A1A /* Color.swift in Sources */ = {isa = PBXBuildFile; fileRef = AF52C54828D3041D00FC7A1A /* Color.swift */; };
		AF52C54B28D3087D00FC7A1A /* CoinDetailSection.swift in Sources */ = {isa = PBXBuildFile; fileRef = AF52C54A28D3087D00FC7A1A /* CoinDetailSection.swift */; };
		AF52C54D28D3092200FC7A1A /* StatisticView.swift in Sources */ = {isa = PBXBuildFile; fileRef = AF52C54C28D3092100FC7A1A /* StatisticView.swift */; };
		AF52C54F28D30F4B00FC7A1A /* StatisticModel.swift in Sources */ = {isa = PBXBuildFile; fileRef = AF52C54E28D30F4B00FC7A1A /* StatisticModel.swift */; };
		AF52C55128D3101F00FC7A1A /* PreviewProvider.swift in Sources */ = {isa = PBXBuildFile; fileRef = AF52C55028D3101F00FC7A1A /* PreviewProvider.swift */; };
		AF52C55328D3139500FC7A1A /* CoinDetailSectionModel.swift in Sources */ = {isa = PBXBuildFile; fileRef = AF52C55228D3139500FC7A1A /* CoinDetailSectionModel.swift */; };
		AF52C55528D31C3E00FC7A1A /* CoinDetailViewModel.swift in Sources */ = {isa = PBXBuildFile; fileRef = AF52C55428D31C3E00FC7A1A /* CoinDetailViewModel.swift */; };
		AF52C55728D327F600FC7A1A /* ChartData.swift in Sources */ = {isa = PBXBuildFile; fileRef = AF52C55628D327F600FC7A1A /* ChartData.swift */; };
		AF52C55928D329D000FC7A1A /* Date.swift in Sources */ = {isa = PBXBuildFile; fileRef = AF52C55828D329D000FC7A1A /* Date.swift */; };
		AF52C55D28D32CB500FC7A1A /* ChartView.swift in Sources */ = {isa = PBXBuildFile; fileRef = AF52C55C28D32CB500FC7A1A /* ChartView.swift */; };
		AF76CB4D28D75E15000B4F94 /* CryptoCurrencyListView.swift in Sources */ = {isa = PBXBuildFile; fileRef = AF76CB4C28D75E15000B4F94 /* CryptoCurrencyListView.swift */; };
		AF76CB4F28D75E27000B4F94 /* CryptoCurrencyCellView.swift in Sources */ = {isa = PBXBuildFile; fileRef = AF76CB4E28D75E27000B4F94 /* CryptoCurrencyCellView.swift */; };
		AF76CB5128D75EDD000B4F94 /* MarketViewModel.swift in Sources */ = {isa = PBXBuildFile; fileRef = AF76CB5028D75EDD000B4F94 /* MarketViewModel.swift */; };
		AF76CB5328D760C9000B4F94 /* CryptoCurrencyHorizontalCellView.swift in Sources */ = {isa = PBXBuildFile; fileRef = AF76CB5228D760C9000B4F94 /* CryptoCurrencyHorizontalCellView.swift */; };
		AF76CB5528D7614D000B4F94 /* CryptoCurrencyHorizontalListView.swift in Sources */ = {isa = PBXBuildFile; fileRef = AF76CB5428D7614D000B4F94 /* CryptoCurrencyHorizontalListView.swift */; };
		AF76CB5728D761FA000B4F94 /* MarketView.swift in Sources */ = {isa = PBXBuildFile; fileRef = AF76CB5628D761FA000B4F94 /* MarketView.swift */; };
		AF76CB5C28D76383000B4F94 /* RootView.swift in Sources */ = {isa = PBXBuildFile; fileRef = AF76CB5B28D76383000B4F94 /* RootView.swift */; };
		AF76CB5E28D8444A000B4F94 /* NetworkManager.swift in Sources */ = {isa = PBXBuildFile; fileRef = AF76CB5D28D8444A000B4F94 /* NetworkManager.swift */; };
		AF76CB6228D9AE76000B4F94 /* SortButtonViewModifier.swift in Sources */ = {isa = PBXBuildFile; fileRef = AF76CB6128D9AE76000B4F94 /* SortButtonViewModifier.swift */; };
		AF76CB6428D9B2E7000B4F94 /* View.swift in Sources */ = {isa = PBXBuildFile; fileRef = AF76CB6328D9B2E7000B4F94 /* View.swift */; };
		AF76CB6628D9BE42000B4F94 /* PositiveButtonStyle.swift in Sources */ = {isa = PBXBuildFile; fileRef = AF76CB6528D9BE42000B4F94 /* PositiveButtonStyle.swift */; };
		AF76CB6928D9C3CB000B4F94 /* ImageDownloadService.swift in Sources */ = {isa = PBXBuildFile; fileRef = AF76CB6828D9C3CB000B4F94 /* ImageDownloadService.swift */; };
		AF76CB6B28D9C704000B4F94 /* LocalFileManager.swift in Sources */ = {isa = PBXBuildFile; fileRef = AF76CB6A28D9C704000B4F94 /* LocalFileManager.swift */; };
		AF76CB6E28DAE394000B4F94 /* CurrencyImageView.swift in Sources */ = {isa = PBXBuildFile; fileRef = AF76CB6D28DAE394000B4F94 /* CurrencyImageView.swift */; };
		AF76CB7028DAE3A3000B4F94 /* CurrencyImageViewModel.swift in Sources */ = {isa = PBXBuildFile; fileRef = AF76CB6F28DAE3A3000B4F94 /* CurrencyImageViewModel.swift */; };
		AF76CB7328DAEDCF000B4F94 /* SearchBarView.swift in Sources */ = {isa = PBXBuildFile; fileRef = AF76CB7228DAEDCF000B4F94 /* SearchBarView.swift */; };
		AF84E81728D36DFF00FEE55D /* Kingfisher in Frameworks */ = {isa = PBXBuildFile; productRef = AF84E81628D36DFF00FEE55D /* Kingfisher */; };
		AFEAF19928DAF72D00B1AB98 /* UIApplication.swift in Sources */ = {isa = PBXBuildFile; fileRef = AFEAF19828DAF72D00B1AB98 /* UIApplication.swift */; };
		AFEAF19B28DB1E0600B1AB98 /* CryptoCurrenciesService.swift in Sources */ = {isa = PBXBuildFile; fileRef = AFEAF19A28DB1E0600B1AB98 /* CryptoCurrenciesService.swift */; };
/* End PBXBuildFile section */

/* Begin PBXFileReference section */
		AF3B9E4E28D456E700006195 /* CustomLoadingIndicator.swift */ = {isa = PBXFileReference; lastKnownFileType = sourcecode.swift; path = CustomLoadingIndicator.swift; sourceTree = "<group>"; };
		AF3B9E5028D45B8400006195 /* LayzNavigationView.swift */ = {isa = PBXFileReference; lastKnownFileType = sourcecode.swift; path = LayzNavigationView.swift; sourceTree = "<group>"; };
		AF3B9E5428D5C6BB00006195 /* Info.plist */ = {isa = PBXFileReference; lastKnownFileType = text.plist; path = Info.plist; sourceTree = "<group>"; };
		AF3B9E5728D5C94300006195 /* LaunchScreenView.swift */ = {isa = PBXFileReference; lastKnownFileType = sourcecode.swift; path = LaunchScreenView.swift; sourceTree = "<group>"; };
		AF3B9E5A28D5CCD700006195 /* LaunchScreenViewModel.swift */ = {isa = PBXFileReference; lastKnownFileType = sourcecode.swift; path = LaunchScreenViewModel.swift; sourceTree = "<group>"; };
		AF52C51228D1F6E200FC7A1A /* CryptoTrackSwiftUI.app */ = {isa = PBXFileReference; explicitFileType = wrapper.application; includeInIndex = 0; path = CryptoTrackSwiftUI.app; sourceTree = BUILT_PRODUCTS_DIR; };
		AF52C51528D1F6E200FC7A1A /* CryptoTrackSwiftUIApp.swift */ = {isa = PBXFileReference; lastKnownFileType = sourcecode.swift; path = CryptoTrackSwiftUIApp.swift; sourceTree = "<group>"; };
		AF52C51928D1F6E500FC7A1A /* Assets.xcassets */ = {isa = PBXFileReference; lastKnownFileType = folder.assetcatalog; path = Assets.xcassets; sourceTree = "<group>"; };
		AF52C51C28D1F6E500FC7A1A /* Preview Assets.xcassets */ = {isa = PBXFileReference; lastKnownFileType = folder.assetcatalog; path = "Preview Assets.xcassets"; sourceTree = "<group>"; };
		AF52C53928D2303500FC7A1A /* CryptoCurrency.swift */ = {isa = PBXFileReference; lastKnownFileType = sourcecode.swift; path = CryptoCurrency.swift; sourceTree = "<group>"; };
		AF52C53E28D23AA100FC7A1A /* Double.swift */ = {isa = PBXFileReference; lastKnownFileType = sourcecode.swift; path = Double.swift; sourceTree = "<group>"; };
		AF52C54628D2FF1F00FC7A1A /* CoinDetailView.swift */ = {isa = PBXFileReference; lastKnownFileType = sourcecode.swift; path = CoinDetailView.swift; sourceTree = "<group>"; };
		AF52C54828D3041D00FC7A1A /* Color.swift */ = {isa = PBXFileReference; lastKnownFileType = sourcecode.swift; path = Color.swift; sourceTree = "<group>"; };
		AF52C54A28D3087D00FC7A1A /* CoinDetailSection.swift */ = {isa = PBXFileReference; lastKnownFileType = sourcecode.swift; path = CoinDetailSection.swift; sourceTree = "<group>"; };
		AF52C54C28D3092100FC7A1A /* StatisticView.swift */ = {isa = PBXFileReference; lastKnownFileType = sourcecode.swift; path = StatisticView.swift; sourceTree = "<group>"; };
		AF52C54E28D30F4B00FC7A1A /* StatisticModel.swift */ = {isa = PBXFileReference; lastKnownFileType = sourcecode.swift; path = StatisticModel.swift; sourceTree = "<group>"; };
		AF52C55028D3101F00FC7A1A /* PreviewProvider.swift */ = {isa = PBXFileReference; lastKnownFileType = sourcecode.swift; path = PreviewProvider.swift; sourceTree = "<group>"; };
		AF52C55228D3139500FC7A1A /* CoinDetailSectionModel.swift */ = {isa = PBXFileReference; lastKnownFileType = sourcecode.swift; path = CoinDetailSectionModel.swift; sourceTree = "<group>"; };
		AF52C55428D31C3E00FC7A1A /* CoinDetailViewModel.swift */ = {isa = PBXFileReference; lastKnownFileType = sourcecode.swift; path = CoinDetailViewModel.swift; sourceTree = "<group>"; };
		AF52C55628D327F600FC7A1A /* ChartData.swift */ = {isa = PBXFileReference; lastKnownFileType = sourcecode.swift; path = ChartData.swift; sourceTree = "<group>"; };
		AF52C55828D329D000FC7A1A /* Date.swift */ = {isa = PBXFileReference; lastKnownFileType = sourcecode.swift; path = Date.swift; sourceTree = "<group>"; };
		AF52C55C28D32CB500FC7A1A /* ChartView.swift */ = {isa = PBXFileReference; lastKnownFileType = sourcecode.swift; path = ChartView.swift; sourceTree = "<group>"; };
		AF76CB4C28D75E15000B4F94 /* CryptoCurrencyListView.swift */ = {isa = PBXFileReference; lastKnownFileType = sourcecode.swift; path = CryptoCurrencyListView.swift; sourceTree = "<group>"; };
		AF76CB4E28D75E27000B4F94 /* CryptoCurrencyCellView.swift */ = {isa = PBXFileReference; lastKnownFileType = sourcecode.swift; path = CryptoCurrencyCellView.swift; sourceTree = "<group>"; };
		AF76CB5028D75EDD000B4F94 /* MarketViewModel.swift */ = {isa = PBXFileReference; lastKnownFileType = sourcecode.swift; path = MarketViewModel.swift; sourceTree = "<group>"; };
		AF76CB5228D760C9000B4F94 /* CryptoCurrencyHorizontalCellView.swift */ = {isa = PBXFileReference; lastKnownFileType = sourcecode.swift; path = CryptoCurrencyHorizontalCellView.swift; sourceTree = "<group>"; };
		AF76CB5428D7614D000B4F94 /* CryptoCurrencyHorizontalListView.swift */ = {isa = PBXFileReference; lastKnownFileType = sourcecode.swift; path = CryptoCurrencyHorizontalListView.swift; sourceTree = "<group>"; };
		AF76CB5628D761FA000B4F94 /* MarketView.swift */ = {isa = PBXFileReference; lastKnownFileType = sourcecode.swift; path = MarketView.swift; sourceTree = "<group>"; };
		AF76CB5B28D76383000B4F94 /* RootView.swift */ = {isa = PBXFileReference; lastKnownFileType = sourcecode.swift; path = RootView.swift; sourceTree = "<group>"; };
		AF76CB5D28D8444A000B4F94 /* NetworkManager.swift */ = {isa = PBXFileReference; lastKnownFileType = sourcecode.swift; path = NetworkManager.swift; sourceTree = "<group>"; };
		AF76CB6128D9AE76000B4F94 /* SortButtonViewModifier.swift */ = {isa = PBXFileReference; lastKnownFileType = sourcecode.swift; path = SortButtonViewModifier.swift; sourceTree = "<group>"; };
		AF76CB6328D9B2E7000B4F94 /* View.swift */ = {isa = PBXFileReference; lastKnownFileType = sourcecode.swift; path = View.swift; sourceTree = "<group>"; };
		AF76CB6528D9BE42000B4F94 /* PositiveButtonStyle.swift */ = {isa = PBXFileReference; lastKnownFileType = sourcecode.swift; path = PositiveButtonStyle.swift; sourceTree = "<group>"; };
		AF76CB6828D9C3CB000B4F94 /* ImageDownloadService.swift */ = {isa = PBXFileReference; lastKnownFileType = sourcecode.swift; path = ImageDownloadService.swift; sourceTree = "<group>"; };
		AF76CB6A28D9C704000B4F94 /* LocalFileManager.swift */ = {isa = PBXFileReference; lastKnownFileType = sourcecode.swift; path = LocalFileManager.swift; sourceTree = "<group>"; };
		AF76CB6D28DAE394000B4F94 /* CurrencyImageView.swift */ = {isa = PBXFileReference; lastKnownFileType = sourcecode.swift; path = CurrencyImageView.swift; sourceTree = "<group>"; };
		AF76CB6F28DAE3A3000B4F94 /* CurrencyImageViewModel.swift */ = {isa = PBXFileReference; lastKnownFileType = sourcecode.swift; path = CurrencyImageViewModel.swift; sourceTree = "<group>"; };
		AF76CB7228DAEDCF000B4F94 /* SearchBarView.swift */ = {isa = PBXFileReference; lastKnownFileType = sourcecode.swift; path = SearchBarView.swift; sourceTree = "<group>"; };
		AFEAF19828DAF72D00B1AB98 /* UIApplication.swift */ = {isa = PBXFileReference; lastKnownFileType = sourcecode.swift; path = UIApplication.swift; sourceTree = "<group>"; };
		AFEAF19A28DB1E0600B1AB98 /* CryptoCurrenciesService.swift */ = {isa = PBXFileReference; lastKnownFileType = sourcecode.swift; path = CryptoCurrenciesService.swift; sourceTree = "<group>"; };
/* End PBXFileReference section */

/* Begin PBXFrameworksBuildPhase section */
		AF52C50F28D1F6E200FC7A1A /* Frameworks */ = {
			isa = PBXFrameworksBuildPhase;
			buildActionMask = 2147483647;
			files = (
				AF3B9E4D28D372E700006195 /* Algorithms in Frameworks */,
				AF84E81728D36DFF00FEE55D /* Kingfisher in Frameworks */,
			);
			runOnlyForDeploymentPostprocessing = 0;
		};
/* End PBXFrameworksBuildPhase section */

/* Begin PBXGroup section */
		AF3B9E5528D5C92400006195 /* Launch */ = {
			isa = PBXGroup;
			children = (
				AF3B9E5628D5C92D00006195 /* Views */,
				AF3B9E5928D5CCB600006195 /* ViewModels */,
			);
			path = Launch;
			sourceTree = "<group>";
		};
		AF3B9E5628D5C92D00006195 /* Views */ = {
			isa = PBXGroup;
			children = (
				AF3B9E5728D5C94300006195 /* LaunchScreenView.swift */,
			);
			path = Views;
			sourceTree = "<group>";
		};
		AF3B9E5928D5CCB600006195 /* ViewModels */ = {
			isa = PBXGroup;
			children = (
				AF3B9E5A28D5CCD700006195 /* LaunchScreenViewModel.swift */,
			);
			path = ViewModels;
			sourceTree = "<group>";
		};
		AF52C50928D1F6E200FC7A1A = {
			isa = PBXGroup;
			children = (
				AF52C51428D1F6E200FC7A1A /* CryptoTrackSwiftUI */,
				AF52C51328D1F6E200FC7A1A /* Products */,
				AF84E81528D36DFF00FEE55D /* Frameworks */,
			);
			sourceTree = "<group>";
		};
		AF52C51328D1F6E200FC7A1A /* Products */ = {
			isa = PBXGroup;
			children = (
				AF52C51228D1F6E200FC7A1A /* CryptoTrackSwiftUI.app */,
			);
			name = Products;
			sourceTree = "<group>";
		};
		AF52C51428D1F6E200FC7A1A /* CryptoTrackSwiftUI */ = {
			isa = PBXGroup;
			children = (
				AF3B9E5428D5C6BB00006195 /* Info.plist */,
				AF52C52728D1F84600FC7A1A /* Utils */,
				AF76CB6728D9C397000B4F94 /* Services */,
				AF52C52628D1F84200FC7A1A /* Extensions */,
				AF52C52528D1F83F00FC7A1A /* Models */,
				AF52C52428D1F83000FC7A1A /* Core */,
				AF52C52328D1F82900FC7A1A /* App */,
				AF52C51928D1F6E500FC7A1A /* Assets.xcassets */,
				AF52C51B28D1F6E500FC7A1A /* Preview Content */,
			);
			path = CryptoTrackSwiftUI;
			sourceTree = "<group>";
		};
		AF52C51B28D1F6E500FC7A1A /* Preview Content */ = {
			isa = PBXGroup;
			children = (
				AF52C51C28D1F6E500FC7A1A /* Preview Assets.xcassets */,
			);
			path = "Preview Content";
			sourceTree = "<group>";
		};
		AF52C52328D1F82900FC7A1A /* App */ = {
			isa = PBXGroup;
			children = (
				AF52C51528D1F6E200FC7A1A /* CryptoTrackSwiftUIApp.swift */,
			);
			path = App;
			sourceTree = "<group>";
		};
		AF52C52428D1F83000FC7A1A /* Core */ = {
			isa = PBXGroup;
			children = (
				AF76CB5F28D9AE49000B4F94 /* Components */,
				AF76CB5828D76317000B4F94 /* Root */,
				AF76CB4428D75B46000B4F94 /* Market */,
				AF3B9E5528D5C92400006195 /* Launch */,
				AF52C54228D24C7B00FC7A1A /* CoinDetails */,
			);
			path = Core;
			sourceTree = "<group>";
		};
		AF52C52528D1F83F00FC7A1A /* Models */ = {
			isa = PBXGroup;
			children = (
				AF52C53928D2303500FC7A1A /* CryptoCurrency.swift */,
				AF52C54E28D30F4B00FC7A1A /* StatisticModel.swift */,
				AF52C55228D3139500FC7A1A /* CoinDetailSectionModel.swift */,
				AF52C55628D327F600FC7A1A /* ChartData.swift */,
			);
			path = Models;
			sourceTree = "<group>";
		};
		AF52C52628D1F84200FC7A1A /* Extensions */ = {
			isa = PBXGroup;
			children = (
				AF52C53E28D23AA100FC7A1A /* Double.swift */,
				AF52C54828D3041D00FC7A1A /* Color.swift */,
				AF52C55028D3101F00FC7A1A /* PreviewProvider.swift */,
				AF52C55828D329D000FC7A1A /* Date.swift */,
				AF76CB6328D9B2E7000B4F94 /* View.swift */,
				AFEAF19828DAF72D00B1AB98 /* UIApplication.swift */,
			);
			path = Extensions;
			sourceTree = "<group>";
		};
		AF52C52728D1F84600FC7A1A /* Utils */ = {
			isa = PBXGroup;
			children = (
				AF3B9E4E28D456E700006195 /* CustomLoadingIndicator.swift */,
				AF3B9E5028D45B8400006195 /* LayzNavigationView.swift */,
				AF76CB5D28D8444A000B4F94 /* NetworkManager.swift */,
				AF76CB6A28D9C704000B4F94 /* LocalFileManager.swift */,
			);
			path = Utils;
			sourceTree = "<group>";
		};
		AF52C54228D24C7B00FC7A1A /* CoinDetails */ = {
			isa = PBXGroup;
			children = (
				AF52C54328D2FEDE00FC7A1A /* Views */,
				AF52C54528D2FEF500FC7A1A /* ViewModels */,
			);
			path = CoinDetails;
			sourceTree = "<group>";
		};
		AF52C54328D2FEDE00FC7A1A /* Views */ = {
			isa = PBXGroup;
			children = (
				AF52C54628D2FF1F00FC7A1A /* CoinDetailView.swift */,
				AF52C54A28D3087D00FC7A1A /* CoinDetailSection.swift */,
				AF52C54C28D3092100FC7A1A /* StatisticView.swift */,
				AF52C55C28D32CB500FC7A1A /* ChartView.swift */,
			);
			path = Views;
			sourceTree = "<group>";
		};
		AF52C54528D2FEF500FC7A1A /* ViewModels */ = {
			isa = PBXGroup;
			children = (
				AF52C55428D31C3E00FC7A1A /* CoinDetailViewModel.swift */,
			);
			path = ViewModels;
			sourceTree = "<group>";
		};
		AF76CB4428D75B46000B4F94 /* Market */ = {
			isa = PBXGroup;
			children = (
				AF76CB4528D75B52000B4F94 /* Views */,
				AF76CB4628D75B58000B4F94 /* ViewModels */,
			);
			path = Market;
			sourceTree = "<group>";
		};
		AF76CB4528D75B52000B4F94 /* Views */ = {
			isa = PBXGroup;
			children = (
				AF76CB4E28D75E27000B4F94 /* CryptoCurrencyCellView.swift */,
				AF76CB5228D760C9000B4F94 /* CryptoCurrencyHorizontalCellView.swift */,
				AF76CB5428D7614D000B4F94 /* CryptoCurrencyHorizontalListView.swift */,
				AF76CB4C28D75E15000B4F94 /* CryptoCurrencyListView.swift */,
				AF76CB5628D761FA000B4F94 /* MarketView.swift */,
			);
			path = Views;
			sourceTree = "<group>";
		};
		AF76CB4628D75B58000B4F94 /* ViewModels */ = {
			isa = PBXGroup;
			children = (
				AF76CB5028D75EDD000B4F94 /* MarketViewModel.swift */,
			);
			path = ViewModels;
			sourceTree = "<group>";
		};
		AF76CB5828D76317000B4F94 /* Root */ = {
			isa = PBXGroup;
			children = (
				AF76CB5928D76320000B4F94 /* Views */,
				AF76CB5A28D76326000B4F94 /* ViewModels */,
			);
			path = Root;
			sourceTree = "<group>";
		};
		AF76CB5928D76320000B4F94 /* Views */ = {
			isa = PBXGroup;
			children = (
				AF76CB5B28D76383000B4F94 /* RootView.swift */,
			);
			path = Views;
			sourceTree = "<group>";
		};
		AF76CB5A28D76326000B4F94 /* ViewModels */ = {
			isa = PBXGroup;
			children = (
			);
			path = ViewModels;
			sourceTree = "<group>";
		};
		AF76CB5F28D9AE49000B4F94 /* Components */ = {
			isa = PBXGroup;
			children = (
				AF76CB7128DAEDBA000B4F94 /* SearchBar */,
				AF76CB6C28DAE377000B4F94 /* CurrencyImage */,
				AF76CB6028D9AE54000B4F94 /* CurrencyListButton */,
			);
			path = Components;
			sourceTree = "<group>";
		};
		AF76CB6028D9AE54000B4F94 /* CurrencyListButton */ = {
			isa = PBXGroup;
			children = (
				AF76CB6128D9AE76000B4F94 /* SortButtonViewModifier.swift */,
				AF76CB6528D9BE42000B4F94 /* PositiveButtonStyle.swift */,
			);
			path = CurrencyListButton;
			sourceTree = "<group>";
		};
		AF76CB6728D9C397000B4F94 /* Services */ = {
			isa = PBXGroup;
			children = (
				AF76CB6828D9C3CB000B4F94 /* ImageDownloadService.swift */,
				AFEAF19A28DB1E0600B1AB98 /* CryptoCurrenciesService.swift */,
			);
			path = Services;
			sourceTree = "<group>";
		};
		AF76CB6C28DAE377000B4F94 /* CurrencyImage */ = {
			isa = PBXGroup;
			children = (
				AF76CB6D28DAE394000B4F94 /* CurrencyImageView.swift */,
				AF76CB6F28DAE3A3000B4F94 /* CurrencyImageViewModel.swift */,
			);
			path = CurrencyImage;
			sourceTree = "<group>";
		};
		AF76CB7128DAEDBA000B4F94 /* SearchBar */ = {
			isa = PBXGroup;
			children = (
				AF76CB7228DAEDCF000B4F94 /* SearchBarView.swift */,
			);
			path = SearchBar;
			sourceTree = "<group>";
		};
		AF84E81528D36DFF00FEE55D /* Frameworks */ = {
			isa = PBXGroup;
			children = (
			);
			name = Frameworks;
			sourceTree = "<group>";
		};
/* End PBXGroup section */

/* Begin PBXNativeTarget section */
		AF52C51128D1F6E200FC7A1A /* CryptoTrackSwiftUI */ = {
			isa = PBXNativeTarget;
			buildConfigurationList = AF52C52028D1F6E500FC7A1A /* Build configuration list for PBXNativeTarget "CryptoTrackSwiftUI" */;
			buildPhases = (
				AF52C50E28D1F6E200FC7A1A /* Sources */,
				AF52C50F28D1F6E200FC7A1A /* Frameworks */,
				AF52C51028D1F6E200FC7A1A /* Resources */,
			);
			buildRules = (
			);
			dependencies = (
			);
			name = CryptoTrackSwiftUI;
			packageProductDependencies = (
				AF84E81628D36DFF00FEE55D /* Kingfisher */,
				AF3B9E4C28D372E700006195 /* Algorithms */,
			);
			productName = CryptoTrackSwiftUI;
			productReference = AF52C51228D1F6E200FC7A1A /* CryptoTrackSwiftUI.app */;
			productType = "com.apple.product-type.application";
		};
/* End PBXNativeTarget section */

/* Begin PBXProject section */
		AF52C50A28D1F6E200FC7A1A /* Project object */ = {
			isa = PBXProject;
			attributes = {
				BuildIndependentTargetsInParallel = 1;
				LastSwiftUpdateCheck = 1340;
				LastUpgradeCheck = 1340;
				TargetAttributes = {
					AF52C51128D1F6E200FC7A1A = {
						CreatedOnToolsVersion = 13.4.1;
					};
				};
			};
			buildConfigurationList = AF52C50D28D1F6E200FC7A1A /* Build configuration list for PBXProject "CryptoTrackSwiftUI" */;
			compatibilityVersion = "Xcode 13.0";
			developmentRegion = en;
			hasScannedForEncodings = 0;
			knownRegions = (
				en,
				Base,
			);
			mainGroup = AF52C50928D1F6E200FC7A1A;
			packageReferences = (
				AF52C53B28D239C800FC7A1A /* XCRemoteSwiftPackageReference "Kingfisher" */,
				AF3B9E4B28D372E700006195 /* XCRemoteSwiftPackageReference "swift-algorithms" */,
			);
			productRefGroup = AF52C51328D1F6E200FC7A1A /* Products */;
			projectDirPath = "";
			projectRoot = "";
			targets = (
				AF52C51128D1F6E200FC7A1A /* CryptoTrackSwiftUI */,
			);
		};
/* End PBXProject section */

/* Begin PBXResourcesBuildPhase section */
		AF52C51028D1F6E200FC7A1A /* Resources */ = {
			isa = PBXResourcesBuildPhase;
			buildActionMask = 2147483647;
			files = (
				AF52C51D28D1F6E500FC7A1A /* Preview Assets.xcassets in Resources */,
				AF52C51A28D1F6E500FC7A1A /* Assets.xcassets in Resources */,
			);
			runOnlyForDeploymentPostprocessing = 0;
		};
/* End PBXResourcesBuildPhase section */

/* Begin PBXSourcesBuildPhase section */
		AF52C50E28D1F6E200FC7A1A /* Sources */ = {
			isa = PBXSourcesBuildPhase;
			buildActionMask = 2147483647;
			files = (
				AFEAF19928DAF72D00B1AB98 /* UIApplication.swift in Sources */,
				AF52C55328D3139500FC7A1A /* CoinDetailSectionModel.swift in Sources */,
				AF52C54728D2FF1F00FC7A1A /* CoinDetailView.swift in Sources */,
				AF76CB6628D9BE42000B4F94 /* PositiveButtonStyle.swift in Sources */,
				AF52C54B28D3087D00FC7A1A /* CoinDetailSection.swift in Sources */,
				AF76CB6228D9AE76000B4F94 /* SortButtonViewModifier.swift in Sources */,
				AF52C54928D3041D00FC7A1A /* Color.swift in Sources */,
				AF76CB5C28D76383000B4F94 /* RootView.swift in Sources */,
				AF76CB4F28D75E27000B4F94 /* CryptoCurrencyCellView.swift in Sources */,
				AF52C54D28D3092200FC7A1A /* StatisticView.swift in Sources */,
				AF76CB6428D9B2E7000B4F94 /* View.swift in Sources */,
				AF76CB7328DAEDCF000B4F94 /* SearchBarView.swift in Sources */,
				AF52C55728D327F600FC7A1A /* ChartData.swift in Sources */,
				AF76CB4D28D75E15000B4F94 /* CryptoCurrencyListView.swift in Sources */,
				AF76CB5328D760C9000B4F94 /* CryptoCurrencyHorizontalCellView.swift in Sources */,
				AF52C53A28D2303500FC7A1A /* CryptoCurrency.swift in Sources */,
				AF76CB5E28D8444A000B4F94 /* NetworkManager.swift in Sources */,
				AF52C55928D329D000FC7A1A /* Date.swift in Sources */,
				AF52C55128D3101F00FC7A1A /* PreviewProvider.swift in Sources */,
				AF76CB7028DAE3A3000B4F94 /* CurrencyImageViewModel.swift in Sources */,
				AF76CB5128D75EDD000B4F94 /* MarketViewModel.swift in Sources */,
				AF76CB6E28DAE394000B4F94 /* CurrencyImageView.swift in Sources */,
				AF76CB5528D7614D000B4F94 /* CryptoCurrencyHorizontalListView.swift in Sources */,
				AF52C55528D31C3E00FC7A1A /* CoinDetailViewModel.swift in Sources */,
				AF3B9E4F28D456E700006195 /* CustomLoadingIndicator.swift in Sources */,
				AF3B9E5128D45B8400006195 /* LayzNavigationView.swift in Sources */,
				AF76CB6B28D9C704000B4F94 /* LocalFileManager.swift in Sources */,
				AF52C54F28D30F4B00FC7A1A /* StatisticModel.swift in Sources */,
				AF3B9E5B28D5CCD700006195 /* LaunchScreenViewModel.swift in Sources */,
				AF52C55D28D32CB500FC7A1A /* ChartView.swift in Sources */,
				AF52C51628D1F6E200FC7A1A /* CryptoTrackSwiftUIApp.swift in Sources */,
				AF52C53F28D23AA100FC7A1A /* Double.swift in Sources */,
				AF76CB6928D9C3CB000B4F94 /* ImageDownloadService.swift in Sources */,
				AFEAF19B28DB1E0600B1AB98 /* CryptoCurrenciesService.swift in Sources */,
				AF3B9E5828D5C94300006195 /* LaunchScreenView.swift in Sources */,
				AF76CB5728D761FA000B4F94 /* MarketView.swift in Sources */,
			);
			runOnlyForDeploymentPostprocessing = 0;
		};
/* End PBXSourcesBuildPhase section */

/* Begin XCBuildConfiguration section */
		AF52C51E28D1F6E500FC7A1A /* Debug */ = {
			isa = XCBuildConfiguration;
			buildSettings = {
				ALWAYS_SEARCH_USER_PATHS = NO;
				CLANG_ANALYZER_NONNULL = YES;
				CLANG_ANALYZER_NUMBER_OBJECT_CONVERSION = YES_AGGRESSIVE;
				CLANG_CXX_LANGUAGE_STANDARD = "gnu++17";
				CLANG_ENABLE_MODULES = YES;
				CLANG_ENABLE_OBJC_ARC = YES;
				CLANG_ENABLE_OBJC_WEAK = YES;
				CLANG_WARN_BLOCK_CAPTURE_AUTORELEASING = YES;
				CLANG_WARN_BOOL_CONVERSION = YES;
				CLANG_WARN_COMMA = YES;
				CLANG_WARN_CONSTANT_CONVERSION = YES;
				CLANG_WARN_DEPRECATED_OBJC_IMPLEMENTATIONS = YES;
				CLANG_WARN_DIRECT_OBJC_ISA_USAGE = YES_ERROR;
				CLANG_WARN_DOCUMENTATION_COMMENTS = YES;
				CLANG_WARN_EMPTY_BODY = YES;
				CLANG_WARN_ENUM_CONVERSION = YES;
				CLANG_WARN_INFINITE_RECURSION = YES;
				CLANG_WARN_INT_CONVERSION = YES;
				CLANG_WARN_NON_LITERAL_NULL_CONVERSION = YES;
				CLANG_WARN_OBJC_IMPLICIT_RETAIN_SELF = YES;
				CLANG_WARN_OBJC_LITERAL_CONVERSION = YES;
				CLANG_WARN_OBJC_ROOT_CLASS = YES_ERROR;
				CLANG_WARN_QUOTED_INCLUDE_IN_FRAMEWORK_HEADER = YES;
				CLANG_WARN_RANGE_LOOP_ANALYSIS = YES;
				CLANG_WARN_STRICT_PROTOTYPES = YES;
				CLANG_WARN_SUSPICIOUS_MOVE = YES;
				CLANG_WARN_UNGUARDED_AVAILABILITY = YES_AGGRESSIVE;
				CLANG_WARN_UNREACHABLE_CODE = YES;
				CLANG_WARN__DUPLICATE_METHOD_MATCH = YES;
				COPY_PHASE_STRIP = NO;
				DEBUG_INFORMATION_FORMAT = dwarf;
				ENABLE_STRICT_OBJC_MSGSEND = YES;
				ENABLE_TESTABILITY = YES;
				GCC_C_LANGUAGE_STANDARD = gnu11;
				GCC_DYNAMIC_NO_PIC = NO;
				GCC_NO_COMMON_BLOCKS = YES;
				GCC_OPTIMIZATION_LEVEL = 0;
				GCC_PREPROCESSOR_DEFINITIONS = (
					"DEBUG=1",
					"$(inherited)",
				);
				GCC_WARN_64_TO_32_BIT_CONVERSION = YES;
				GCC_WARN_ABOUT_RETURN_TYPE = YES_ERROR;
				GCC_WARN_UNDECLARED_SELECTOR = YES;
				GCC_WARN_UNINITIALIZED_AUTOS = YES_AGGRESSIVE;
				GCC_WARN_UNUSED_FUNCTION = YES;
				GCC_WARN_UNUSED_VARIABLE = YES;
				IPHONEOS_DEPLOYMENT_TARGET = 16.0;
				MTL_ENABLE_DEBUG_INFO = INCLUDE_SOURCE;
				MTL_FAST_MATH = YES;
				ONLY_ACTIVE_ARCH = YES;
				SDKROOT = iphoneos;
				SWIFT_ACTIVE_COMPILATION_CONDITIONS = DEBUG;
				SWIFT_OPTIMIZATION_LEVEL = "-Onone";
			};
			name = Debug;
		};
		AF52C51F28D1F6E500FC7A1A /* Release */ = {
			isa = XCBuildConfiguration;
			buildSettings = {
				ALWAYS_SEARCH_USER_PATHS = NO;
				CLANG_ANALYZER_NONNULL = YES;
				CLANG_ANALYZER_NUMBER_OBJECT_CONVERSION = YES_AGGRESSIVE;
				CLANG_CXX_LANGUAGE_STANDARD = "gnu++17";
				CLANG_ENABLE_MODULES = YES;
				CLANG_ENABLE_OBJC_ARC = YES;
				CLANG_ENABLE_OBJC_WEAK = YES;
				CLANG_WARN_BLOCK_CAPTURE_AUTORELEASING = YES;
				CLANG_WARN_BOOL_CONVERSION = YES;
				CLANG_WARN_COMMA = YES;
				CLANG_WARN_CONSTANT_CONVERSION = YES;
				CLANG_WARN_DEPRECATED_OBJC_IMPLEMENTATIONS = YES;
				CLANG_WARN_DIRECT_OBJC_ISA_USAGE = YES_ERROR;
				CLANG_WARN_DOCUMENTATION_COMMENTS = YES;
				CLANG_WARN_EMPTY_BODY = YES;
				CLANG_WARN_ENUM_CONVERSION = YES;
				CLANG_WARN_INFINITE_RECURSION = YES;
				CLANG_WARN_INT_CONVERSION = YES;
				CLANG_WARN_NON_LITERAL_NULL_CONVERSION = YES;
				CLANG_WARN_OBJC_IMPLICIT_RETAIN_SELF = YES;
				CLANG_WARN_OBJC_LITERAL_CONVERSION = YES;
				CLANG_WARN_OBJC_ROOT_CLASS = YES_ERROR;
				CLANG_WARN_QUOTED_INCLUDE_IN_FRAMEWORK_HEADER = YES;
				CLANG_WARN_RANGE_LOOP_ANALYSIS = YES;
				CLANG_WARN_STRICT_PROTOTYPES = YES;
				CLANG_WARN_SUSPICIOUS_MOVE = YES;
				CLANG_WARN_UNGUARDED_AVAILABILITY = YES_AGGRESSIVE;
				CLANG_WARN_UNREACHABLE_CODE = YES;
				CLANG_WARN__DUPLICATE_METHOD_MATCH = YES;
				COPY_PHASE_STRIP = NO;
				DEBUG_INFORMATION_FORMAT = "dwarf-with-dsym";
				ENABLE_NS_ASSERTIONS = NO;
				ENABLE_STRICT_OBJC_MSGSEND = YES;
				GCC_C_LANGUAGE_STANDARD = gnu11;
				GCC_NO_COMMON_BLOCKS = YES;
				GCC_WARN_64_TO_32_BIT_CONVERSION = YES;
				GCC_WARN_ABOUT_RETURN_TYPE = YES_ERROR;
				GCC_WARN_UNDECLARED_SELECTOR = YES;
				GCC_WARN_UNINITIALIZED_AUTOS = YES_AGGRESSIVE;
				GCC_WARN_UNUSED_FUNCTION = YES;
				GCC_WARN_UNUSED_VARIABLE = YES;
				IPHONEOS_DEPLOYMENT_TARGET = 16.0;
				MTL_ENABLE_DEBUG_INFO = NO;
				MTL_FAST_MATH = YES;
				SDKROOT = iphoneos;
				SWIFT_COMPILATION_MODE = wholemodule;
				SWIFT_OPTIMIZATION_LEVEL = "-O";
				VALIDATE_PRODUCT = YES;
			};
			name = Release;
		};
		AF52C52128D1F6E500FC7A1A /* Debug */ = {
			isa = XCBuildConfiguration;
			buildSettings = {
				ASSETCATALOG_COMPILER_APPICON_NAME = AppIcon;
				ASSETCATALOG_COMPILER_GLOBAL_ACCENT_COLOR_NAME = AccentColor;
				CODE_SIGN_STYLE = Automatic;
				CURRENT_PROJECT_VERSION = 1;
				DEVELOPMENT_ASSET_PATHS = "\"CryptoTrackSwiftUI/Preview Content\"";
				DEVELOPMENT_TEAM = SHP38F3EM7;
				ENABLE_PREVIEWS = YES;
				GENERATE_INFOPLIST_FILE = YES;
				INFOPLIST_FILE = CryptoTrackSwiftUI/Info.plist;
				INFOPLIST_KEY_UIApplicationSceneManifest_Generation = YES;
				INFOPLIST_KEY_UIApplicationSupportsIndirectInputEvents = YES;
				INFOPLIST_KEY_UISupportedInterfaceOrientations_iPad = "UIInterfaceOrientationPortrait UIInterfaceOrientationPortraitUpsideDown UIInterfaceOrientationLandscapeLeft UIInterfaceOrientationLandscapeRight";
				INFOPLIST_KEY_UISupportedInterfaceOrientations_iPhone = "UIInterfaceOrientationPortrait UIInterfaceOrientationLandscapeLeft UIInterfaceOrientationLandscapeRight";
				LD_RUNPATH_SEARCH_PATHS = (
					"$(inherited)",
					"@executable_path/Frameworks",
				);
				MARKETING_VERSION = 1.0;
				PRODUCT_BUNDLE_IDENTIFIER = barisozgen.CryptoTrackSwiftUI;
				PRODUCT_NAME = "$(TARGET_NAME)";
				SWIFT_EMIT_LOC_STRINGS = YES;
				SWIFT_VERSION = 5.0;
				TARGETED_DEVICE_FAMILY = "1,2";
			};
			name = Debug;
		};
		AF52C52228D1F6E500FC7A1A /* Release */ = {
			isa = XCBuildConfiguration;
			buildSettings = {
				ASSETCATALOG_COMPILER_APPICON_NAME = AppIcon;
				ASSETCATALOG_COMPILER_GLOBAL_ACCENT_COLOR_NAME = AccentColor;
				CODE_SIGN_STYLE = Automatic;
				CURRENT_PROJECT_VERSION = 1;
				DEVELOPMENT_ASSET_PATHS = "\"CryptoTrackSwiftUI/Preview Content\"";
				DEVELOPMENT_TEAM = SHP38F3EM7;
				ENABLE_PREVIEWS = YES;
				GENERATE_INFOPLIST_FILE = YES;
				INFOPLIST_FILE = CryptoTrackSwiftUI/Info.plist;
				INFOPLIST_KEY_UIApplicationSceneManifest_Generation = YES;
				INFOPLIST_KEY_UIApplicationSupportsIndirectInputEvents = YES;
				INFOPLIST_KEY_UISupportedInterfaceOrientations_iPad = "UIInterfaceOrientationPortrait UIInterfaceOrientationPortraitUpsideDown UIInterfaceOrientationLandscapeLeft UIInterfaceOrientationLandscapeRight";
				INFOPLIST_KEY_UISupportedInterfaceOrientations_iPhone = "UIInterfaceOrientationPortrait UIInterfaceOrientationLandscapeLeft UIInterfaceOrientationLandscapeRight";
				LD_RUNPATH_SEARCH_PATHS = (
					"$(inherited)",
					"@executable_path/Frameworks",
				);
				MARKETING_VERSION = 1.0;
				PRODUCT_BUNDLE_IDENTIFIER = barisozgen.CryptoTrackSwiftUI;
				PRODUCT_NAME = "$(TARGET_NAME)";
				SWIFT_EMIT_LOC_STRINGS = YES;
				SWIFT_VERSION = 5.0;
				TARGETED_DEVICE_FAMILY = "1,2";
			};
			name = Release;
		};
/* End XCBuildConfiguration section */

/* Begin XCConfigurationList section */
		AF52C50D28D1F6E200FC7A1A /* Build configuration list for PBXProject "CryptoTrackSwiftUI" */ = {
			isa = XCConfigurationList;
			buildConfigurations = (
				AF52C51E28D1F6E500FC7A1A /* Debug */,
				AF52C51F28D1F6E500FC7A1A /* Release */,
			);
			defaultConfigurationIsVisible = 0;
			defaultConfigurationName = Release;
		};
		AF52C52028D1F6E500FC7A1A /* Build configuration list for PBXNativeTarget "CryptoTrackSwiftUI" */ = {
			isa = XCConfigurationList;
			buildConfigurations = (
				AF52C52128D1F6E500FC7A1A /* Debug */,
				AF52C52228D1F6E500FC7A1A /* Release */,
			);
			defaultConfigurationIsVisible = 0;
			defaultConfigurationName = Release;
		};
/* End XCConfigurationList section */

/* Begin XCRemoteSwiftPackageReference section */
		AF3B9E4B28D372E700006195 /* XCRemoteSwiftPackageReference "swift-algorithms" */ = {
			isa = XCRemoteSwiftPackageReference;
			repositoryURL = "https://github.com/apple/swift-algorithms.git";
			requirement = {
				branch = main;
				kind = branch;
			};
		};
		AF52C53B28D239C800FC7A1A /* XCRemoteSwiftPackageReference "Kingfisher" */ = {
			isa = XCRemoteSwiftPackageReference;
			repositoryURL = "https://github.com/onevcat/Kingfisher.git";
			requirement = {
				branch = master;
				kind = branch;
			};
		};
/* End XCRemoteSwiftPackageReference section */

/* Begin XCSwiftPackageProductDependency section */
		AF3B9E4C28D372E700006195 /* Algorithms */ = {
			isa = XCSwiftPackageProductDependency;
			package = AF3B9E4B28D372E700006195 /* XCRemoteSwiftPackageReference "swift-algorithms" */;
			productName = Algorithms;
		};
		AF84E81628D36DFF00FEE55D /* Kingfisher */ = {
			isa = XCSwiftPackageProductDependency;
			package = AF52C53B28D239C800FC7A1A /* XCRemoteSwiftPackageReference "Kingfisher" */;
			productName = Kingfisher;
		};
/* End XCSwiftPackageProductDependency section */
	};
	rootObject = AF52C50A28D1F6E200FC7A1A /* Project object */;
}
